
Microsoft Visual Studio Solution File, Format Version 12.00
Project("{FAE04EC0-301F-11D3-BF4B-00C04F79EFBC}") = "YoutubeDLView.API", "YoutubeDLView.API\YoutubeDLView.API.csproj", "{0F7AF63A-02C5-461D-B395-9D9E4C32839D}"
EndProject
Project("{FAE04EC0-301F-11D3-BF4B-00C04F79EFBC}") = "YoutubeDLView.Data", "YoutubeDLView.Data\YoutubeDLView.Data.csproj", "{59CF69AD-7FBD-4BE3-A1D2-C293F848B7C2}"
EndProject
Project("{FAE04EC0-301F-11D3-BF4B-00C04F79EFBC}") = "YoutubeDLView.Common", "YoutubeDLView.Common\YoutubeDLView.Common.csproj", "{E817946C-CCA7-4A51-8C9B-489265E7167D}"
EndProject
Global
	GlobalSection(SolutionConfigurationPlatforms) = preSolution
		Debug|Any CPU = Debug|Any CPU
		Release|Any CPU = Release|Any CPU
	EndGlobalSection
	GlobalSection(ProjectConfigurationPlatforms) = postSolution
		{0F7AF63A-02C5-461D-B395-9D9E4C32839D}.Debug|Any CPU.ActiveCfg = Debug|Any CPU
		{0F7AF63A-02C5-461D-B395-9D9E4C32839D}.Debug|Any CPU.Build.0 = Debug|Any CPU
		{0F7AF63A-02C5-461D-B395-9D9E4C32839D}.Release|Any CPU.ActiveCfg = Release|Any CPU
		{0F7AF63A-02C5-461D-B395-9D9E4C32839D}.Release|Any CPU.Build.0 = Release|Any CPU
		{59CF69AD-7FBD-4BE3-A1D2-C293F848B7C2}.Debug|Any CPU.ActiveCfg = Debug|Any CPU
		{59CF69AD-7FBD-4BE3-A1D2-C293F848B7C2}.Debug|Any CPU.Build.0 = Debug|Any CPU
		{59CF69AD-7FBD-4BE3-A1D2-C293F848B7C2}.Release|Any CPU.ActiveCfg = Release|Any CPU
		{59CF69AD-7FBD-4BE3-A1D2-C293F848B7C2}.Release|Any CPU.Build.0 = Release|Any CPU
		{E817946C-CCA7-4A51-8C9B-489265E7167D}.Debug|Any CPU.ActiveCfg = Debug|Any CPU
		{E817946C-CCA7-4A51-8C9B-489265E7167D}.Debug|Any CPU.Build.0 = Debug|Any CPU
		{E817946C-CCA7-4A51-8C9B-489265E7167D}.Release|Any CPU.ActiveCfg = Release|Any CPU
		{E817946C-CCA7-4A51-8C9B-489265E7167D}.Release|Any CPU.Build.0 = Release|Any CPU
	EndGlobalSection
EndGlobal
